
Microsoft Visual Studio Solution File, Format Version 12.00
# Visual Studio 15
VisualStudioVersion = 15.0.26730.15
MinimumVisualStudioVersion = 10.0.40219.1
Project("{FAE04EC0-301F-11D3-BF4B-00C04F79EFBC}") = "Magicodes.WeChat.SDK.Test", "Magicodes.WeChat.SDK.Test\Magicodes.WeChat.SDK.Test.csproj", "{912142A0-8ADE-4A88-A243-5C84F2814007}"
EndProject
Project("{9A19103F-16F7-4668-BE54-9A1E7A4F7556}") = "Magicodes.WeChat.SDK.Core", "Magicodes.WeChat.SDK.Core\Magicodes.WeChat.SDK.Core.csproj", "{928667DB-851E-4FF5-B65F-E744C8D18C08}"
EndProject
Project("{9A19103F-16F7-4668-BE54-9A1E7A4F7556}") = "Magicodes.WeChat.SDK.Core.Test", "Magicodes.WeChat.SDK.Core.Test\Magicodes.WeChat.SDK.Core.Test.csproj", "{A325006F-3A38-40E4-A1E3-E295F953529C}"
EndProject
Global
	GlobalSection(SolutionConfigurationPlatforms) = preSolution
		Debug|Any CPU = Debug|Any CPU
		Release|Any CPU = Release|Any CPU
	EndGlobalSection
	GlobalSection(ProjectConfigurationPlatforms) = postSolution
		{912142A0-8ADE-4A88-A243-5C84F2814007}.Debug|Any CPU.ActiveCfg = Debug|Any CPU
		{912142A0-8ADE-4A88-A243-5C84F2814007}.Debug|Any CPU.Build.0 = Debug|Any CPU
		{912142A0-8ADE-4A88-A243-5C84F2814007}.Release|Any CPU.ActiveCfg = Release|Any CPU
		{912142A0-8ADE-4A88-A243-5C84F2814007}.Release|Any CPU.Build.0 = Release|Any CPU
		{928667DB-851E-4FF5-B65F-E744C8D18C08}.Debug|Any CPU.ActiveCfg = Debug|Any CPU
		{928667DB-851E-4FF5-B65F-E744C8D18C08}.Debug|Any CPU.Build.0 = Debug|Any CPU
		{928667DB-851E-4FF5-B65F-E744C8D18C08}.Release|Any CPU.ActiveCfg = Release|Any CPU
		{928667DB-851E-4FF5-B65F-E744C8D18C08}.Release|Any CPU.Build.0 = Release|Any CPU
		{A325006F-3A38-40E4-A1E3-E295F953529C}.Debug|Any CPU.ActiveCfg = Debug|Any CPU
		{A325006F-3A38-40E4-A1E3-E295F953529C}.Debug|Any CPU.Build.0 = Debug|Any CPU
		{A325006F-3A38-40E4-A1E3-E295F953529C}.Release|Any CPU.ActiveCfg = Release|Any CPU
		{A325006F-3A38-40E4-A1E3-E295F953529C}.Release|Any CPU.Build.0 = Release|Any CPU
	EndGlobalSection
	GlobalSection(SolutionProperties) = preSolution
		HideSolutionNode = FALSE
	EndGlobalSection
	GlobalSection(ExtensibilityGlobals) = postSolution
		SolutionGuid = {09359854-D8AE-4873-9349-9726A784B606}
	EndGlobalSection
EndGlobal
