
Microsoft Visual Studio Solution File, Format Version 12.00
# Visual Studio 15
VisualStudioVersion = 15.0.26730.15
MinimumVisualStudioVersion = 10.0.40219.1
Project("{9A19103F-16F7-4668-BE54-9A1E7A4F7556}") = "Magicodes.WeChat.SDK.Core", "Magicodes.WeChat.SDK.Core\Magicodes.WeChat.SDK.Core.csproj", "{928667DB-851E-4FF5-B65F-E744C8D18C08}"
EndProject
Project("{9A19103F-16F7-4668-BE54-9A1E7A4F7556}") = "Magicodes.WeChat.SDK.Core.Test", "Magicodes.WeChat.SDK.Core.Test\Magicodes.WeChat.SDK.Core.Test.csproj", "{A325006F-3A38-40E4-A1E3-E295F953529C}"
EndProject
Project("{9A19103F-16F7-4668-BE54-9A1E7A4F7556}") = "Magicodes.WeChat.MiniProgram", "Magicodes.WeChat.MiniProgram\Magicodes.WeChat.MiniProgram.csproj", "{47E30D4D-CFE9-40A8-A235-3675828FAF5A}"
EndProject
Project("{9A19103F-16F7-4668-BE54-9A1E7A4F7556}") = "Magicodes.WeChat.MiniProgram.Test", "Magicodes.WeChat.MiniProgram.Test\Magicodes.WeChat.MiniProgram.Test.csproj", "{D5A50D2A-ACF8-49FE-836D-1143B252EA74}"
EndProject
Project("{9A19103F-16F7-4668-BE54-9A1E7A4F7556}") = "Magicodes.PayNotify", "Magicodes.PayNotify\Magicodes.PayNotify.csproj", "{E067CC1C-2032-4DF0-9466-72F214078E7A}"
EndProject
Project("{9A19103F-16F7-4668-BE54-9A1E7A4F7556}") = "Magicodes.Pay.WeChat", "Magicodes.Pay.WeChat\Magicodes.Pay.WeChat.csproj", "{B456618A-0FBD-4FB4-BBF0-D783FC2A95F0}"
EndProject
Project("{2150E333-8FDC-42A3-9474-1A3956D46DE8}") = "Solution Items", "Solution Items", "{16F67763-60E8-4309-87A1-29F0D09A6010}"
	ProjectSection(SolutionItems) = preProject
		..\README.md = ..\README.md
	EndProjectSection
EndProject
Global
	GlobalSection(SolutionConfigurationPlatforms) = preSolution
		Debug|Any CPU = Debug|Any CPU
		Release|Any CPU = Release|Any CPU
	EndGlobalSection
	GlobalSection(ProjectConfigurationPlatforms) = postSolution
		{928667DB-851E-4FF5-B65F-E744C8D18C08}.Debug|Any CPU.ActiveCfg = Debug|Any CPU
		{928667DB-851E-4FF5-B65F-E744C8D18C08}.Debug|Any CPU.Build.0 = Debug|Any CPU
		{928667DB-851E-4FF5-B65F-E744C8D18C08}.Release|Any CPU.ActiveCfg = Release|Any CPU
		{928667DB-851E-4FF5-B65F-E744C8D18C08}.Release|Any CPU.Build.0 = Release|Any CPU
		{A325006F-3A38-40E4-A1E3-E295F953529C}.Debug|Any CPU.ActiveCfg = Debug|Any CPU
		{A325006F-3A38-40E4-A1E3-E295F953529C}.Debug|Any CPU.Build.0 = Debug|Any CPU
		{A325006F-3A38-40E4-A1E3-E295F953529C}.Release|Any CPU.ActiveCfg = Release|Any CPU
		{A325006F-3A38-40E4-A1E3-E295F953529C}.Release|Any CPU.Build.0 = Release|Any CPU
		{47E30D4D-CFE9-40A8-A235-3675828FAF5A}.Debug|Any CPU.ActiveCfg = Debug|Any CPU
		{47E30D4D-CFE9-40A8-A235-3675828FAF5A}.Debug|Any CPU.Build.0 = Debug|Any CPU
		{47E30D4D-CFE9-40A8-A235-3675828FAF5A}.Release|Any CPU.ActiveCfg = Release|Any CPU
		{47E30D4D-CFE9-40A8-A235-3675828FAF5A}.Release|Any CPU.Build.0 = Release|Any CPU
		{D5A50D2A-ACF8-49FE-836D-1143B252EA74}.Debug|Any CPU.ActiveCfg = Debug|Any CPU
		{D5A50D2A-ACF8-49FE-836D-1143B252EA74}.Debug|Any CPU.Build.0 = Debug|Any CPU
		{D5A50D2A-ACF8-49FE-836D-1143B252EA74}.Release|Any CPU.ActiveCfg = Release|Any CPU
		{D5A50D2A-ACF8-49FE-836D-1143B252EA74}.Release|Any CPU.Build.0 = Release|Any CPU
		{E067CC1C-2032-4DF0-9466-72F214078E7A}.Debug|Any CPU.ActiveCfg = Debug|Any CPU
		{E067CC1C-2032-4DF0-9466-72F214078E7A}.Debug|Any CPU.Build.0 = Debug|Any CPU
		{E067CC1C-2032-4DF0-9466-72F214078E7A}.Release|Any CPU.ActiveCfg = Release|Any CPU
		{E067CC1C-2032-4DF0-9466-72F214078E7A}.Release|Any CPU.Build.0 = Release|Any CPU
		{B456618A-0FBD-4FB4-BBF0-D783FC2A95F0}.Debug|Any CPU.ActiveCfg = Debug|Any CPU
		{B456618A-0FBD-4FB4-BBF0-D783FC2A95F0}.Debug|Any CPU.Build.0 = Debug|Any CPU
		{B456618A-0FBD-4FB4-BBF0-D783FC2A95F0}.Release|Any CPU.ActiveCfg = Release|Any CPU
		{B456618A-0FBD-4FB4-BBF0-D783FC2A95F0}.Release|Any CPU.Build.0 = Release|Any CPU
	EndGlobalSection
	GlobalSection(SolutionProperties) = preSolution
		HideSolutionNode = FALSE
	EndGlobalSection
	GlobalSection(ExtensibilityGlobals) = postSolution
		SolutionGuid = {09359854-D8AE-4873-9349-9726A784B606}
	EndGlobalSection
EndGlobal
